// !$*UTF8*$!
{
	archiveVersion = 1;
	classes = {
	};
	objectVersion = 46;
	objects = {

/* Begin PBXBuildFile section */
		3A01C26E1C62C64A00D54361 /* AppDelegate.swift in Sources */ = {isa = PBXBuildFile; fileRef = 3A01C26D1C62C64A00D54361 /* AppDelegate.swift */; };
		3A01C2731C62C64A00D54361 /* Main.storyboard in Resources */ = {isa = PBXBuildFile; fileRef = 3A01C2711C62C64A00D54361 /* Main.storyboard */; };
		3A01C2751C62C64A00D54361 /* Assets.xcassets in Resources */ = {isa = PBXBuildFile; fileRef = 3A01C2741C62C64A00D54361 /* Assets.xcassets */; };
		3A01C2781C62C64A00D54361 /* LaunchScreen.storyboard in Resources */ = {isa = PBXBuildFile; fileRef = 3A01C2761C62C64A00D54361 /* LaunchScreen.storyboard */; };
		3A01C2A21C62CA2200D54361 /* LoginViewController.swift in Sources */ = {isa = PBXBuildFile; fileRef = 3A01C2A11C62CA2200D54361 /* LoginViewController.swift */; };
		3A01C2A41C62CDAC00D54361 /* Constants.swift in Sources */ = {isa = PBXBuildFile; fileRef = 3A01C2A31C62CDAC00D54361 /* Constants.swift */; };
		3A2713791C6D045500FA7207 /* InboxViewController.swift in Sources */ = {isa = PBXBuildFile; fileRef = 3A2713781C6D045500FA7207 /* InboxViewController.swift */; };
		3A27137B1C6D069A00FA7207 /* ConversationCell.swift in Sources */ = {isa = PBXBuildFile; fileRef = 3A27137A1C6D069A00FA7207 /* ConversationCell.swift */; };
		3A27137D1C6D0A9C00FA7207 /* ConversationViewController.swift in Sources */ = {isa = PBXBuildFile; fileRef = 3A27137C1C6D0A9C00FA7207 /* ConversationViewController.swift */; };
		3A27137F1C6D268D00FA7207 /* ConversationCell.xib in Resources */ = {isa = PBXBuildFile; fileRef = 3A27137E1C6D268D00FA7207 /* ConversationCell.xib */; };
		3A86F7DC1C692E8E00749A1F /* UIHelpers.swift in Sources */ = {isa = PBXBuildFile; fileRef = 3A86F7DB1C692E8E00749A1F /* UIHelpers.swift */; };
		3A97C99E1C6E7569004111D2 /* BadgeView.swift in Sources */ = {isa = PBXBuildFile; fileRef = 3A97C99D1C6E7569004111D2 /* BadgeView.swift */; };
		3A97C9A01C6E76C5004111D2 /* UIColorExtensions.swift in Sources */ = {isa = PBXBuildFile; fileRef = 3A97C99F1C6E76C5004111D2 /* UIColorExtensions.swift */; };
		3A97C9A21C6E7A37004111D2 /* UIViewExtensions.swift in Sources */ = {isa = PBXBuildFile; fileRef = 3A97C9A11C6E7A37004111D2 /* UIViewExtensions.swift */; };
		3A97C9A61C6E9570004111D2 /* ConversationBackView.swift in Sources */ = {isa = PBXBuildFile; fileRef = 3A97C9A51C6E9570004111D2 /* ConversationBackView.swift */; };
		3A97C9AA1C6E9C1D004111D2 /* OrganizationsBarButtonView.swift in Sources */ = {isa = PBXBuildFile; fileRef = 3A97C9A91C6E9C1D004111D2 /* OrganizationsBarButtonView.swift */; };
		3A97C9AC1C6EA54D004111D2 /* OrganizationsViewController.swift in Sources */ = {isa = PBXBuildFile; fileRef = 3A97C9AB1C6EA54D004111D2 /* OrganizationsViewController.swift */; };
		3A97C9AE1C6EA6CD004111D2 /* OrganizationCell.swift in Sources */ = {isa = PBXBuildFile; fileRef = 3A97C9AD1C6EA6CD004111D2 /* OrganizationCell.swift */; };
		3A97C9B01C6EA72C004111D2 /* OrganizationCell.xib in Resources */ = {isa = PBXBuildFile; fileRef = 3A97C9AF1C6EA72C004111D2 /* OrganizationCell.xib */; };
		8F3D952EB134D1686272116D /* Pods_TC_Swift_Demo.framework in Frameworks */ = {isa = PBXBuildFile; fileRef = D07E2C5CD1A74879CD3C2EDE /* Pods_TC_Swift_Demo.framework */; };
/* End PBXBuildFile section */

/* Begin PBXContainerItemProxy section */
		3A01C27F1C62C64A00D54361 /* PBXContainerItemProxy */ = {
			isa = PBXContainerItemProxy;
			containerPortal = 3A01C2621C62C64A00D54361 /* Project object */;
			proxyType = 1;
			remoteGlobalIDString = 3A01C2691C62C64A00D54361;
			remoteInfo = "TC Swift Demo";
		};
		3A01C28A1C62C64A00D54361 /* PBXContainerItemProxy */ = {
			isa = PBXContainerItemProxy;
			containerPortal = 3A01C2621C62C64A00D54361 /* Project object */;
			proxyType = 1;
			remoteGlobalIDString = 3A01C2691C62C64A00D54361;
			remoteInfo = "TC Swift Demo";
		};
/* End PBXContainerItemProxy section */

/* Begin PBXFileReference section */
		188CC2F67E6C8A56E52CA55E /* Pods-TC Swift Demo.debug.xcconfig */ = {isa = PBXFileReference; includeInIndex = 1; lastKnownFileType = text.xcconfig; name = "Pods-TC Swift Demo.debug.xcconfig"; path = "Pods/Target Support Files/Pods-TC Swift Demo/Pods-TC Swift Demo.debug.xcconfig"; sourceTree = "<group>"; };
		3A01C26A1C62C64A00D54361 /* TC Swift Demo.app */ = {isa = PBXFileReference; explicitFileType = wrapper.application; includeInIndex = 0; path = "TC Swift Demo.app"; sourceTree = BUILT_PRODUCTS_DIR; };
		3A01C26D1C62C64A00D54361 /* AppDelegate.swift */ = {isa = PBXFileReference; lastKnownFileType = sourcecode.swift; path = AppDelegate.swift; sourceTree = "<group>"; };
		3A01C2721C62C64A00D54361 /* Base */ = {isa = PBXFileReference; lastKnownFileType = file.storyboard; name = Base; path = Base.lproj/Main.storyboard; sourceTree = "<group>"; };
		3A01C2741C62C64A00D54361 /* Assets.xcassets */ = {isa = PBXFileReference; lastKnownFileType = folder.assetcatalog; path = Assets.xcassets; sourceTree = "<group>"; };
		3A01C2771C62C64A00D54361 /* Base */ = {isa = PBXFileReference; lastKnownFileType = file.storyboard; name = Base; path = Base.lproj/LaunchScreen.storyboard; sourceTree = "<group>"; };
		3A01C2791C62C64A00D54361 /* Info.plist */ = {isa = PBXFileReference; lastKnownFileType = text.plist.xml; path = Info.plist; sourceTree = "<group>"; };
		3A01C27E1C62C64A00D54361 /* TC Swift DemoTests.xctest */ = {isa = PBXFileReference; explicitFileType = wrapper.cfbundle; includeInIndex = 0; path = "TC Swift DemoTests.xctest"; sourceTree = BUILT_PRODUCTS_DIR; };
		3A01C2891C62C64A00D54361 /* TC Swift DemoUITests.xctest */ = {isa = PBXFileReference; explicitFileType = wrapper.cfbundle; includeInIndex = 0; path = "TC Swift DemoUITests.xctest"; sourceTree = BUILT_PRODUCTS_DIR; };
		3A01C29C1C62C96800D54361 /* TTKit-Bridging-Header.h */ = {isa = PBXFileReference; lastKnownFileType = sourcecode.c.h; path = "TTKit-Bridging-Header.h"; sourceTree = SOURCE_ROOT; };
		3A01C2A11C62CA2200D54361 /* LoginViewController.swift */ = {isa = PBXFileReference; fileEncoding = 4; lastKnownFileType = sourcecode.swift; path = LoginViewController.swift; sourceTree = "<group>"; };
		3A01C2A31C62CDAC00D54361 /* Constants.swift */ = {isa = PBXFileReference; fileEncoding = 4; lastKnownFileType = sourcecode.swift; path = Constants.swift; sourceTree = "<group>"; };
		3A2713781C6D045500FA7207 /* InboxViewController.swift */ = {isa = PBXFileReference; fileEncoding = 4; lastKnownFileType = sourcecode.swift; path = InboxViewController.swift; sourceTree = "<group>"; };
		3A27137A1C6D069A00FA7207 /* ConversationCell.swift */ = {isa = PBXFileReference; fileEncoding = 4; lastKnownFileType = sourcecode.swift; path = ConversationCell.swift; sourceTree = "<group>"; };
		3A27137C1C6D0A9C00FA7207 /* ConversationViewController.swift */ = {isa = PBXFileReference; fileEncoding = 4; lastKnownFileType = sourcecode.swift; path = ConversationViewController.swift; sourceTree = "<group>"; };
		3A27137E1C6D268D00FA7207 /* ConversationCell.xib */ = {isa = PBXFileReference; fileEncoding = 4; lastKnownFileType = file.xib; path = ConversationCell.xib; sourceTree = "<group>"; };
		3A86F7DB1C692E8E00749A1F /* UIHelpers.swift */ = {isa = PBXFileReference; fileEncoding = 4; lastKnownFileType = sourcecode.swift; path = UIHelpers.swift; sourceTree = "<group>"; };
		3A97C99D1C6E7569004111D2 /* BadgeView.swift */ = {isa = PBXFileReference; fileEncoding = 4; lastKnownFileType = sourcecode.swift; path = BadgeView.swift; sourceTree = "<group>"; };
		3A97C99F1C6E76C5004111D2 /* UIColorExtensions.swift */ = {isa = PBXFileReference; fileEncoding = 4; lastKnownFileType = sourcecode.swift; path = UIColorExtensions.swift; sourceTree = "<group>"; };
		3A97C9A11C6E7A37004111D2 /* UIViewExtensions.swift */ = {isa = PBXFileReference; fileEncoding = 4; lastKnownFileType = sourcecode.swift; path = UIViewExtensions.swift; sourceTree = "<group>"; };
		3A97C9A51C6E9570004111D2 /* ConversationBackView.swift */ = {isa = PBXFileReference; fileEncoding = 4; lastKnownFileType = sourcecode.swift; path = ConversationBackView.swift; sourceTree = "<group>"; };
		3A97C9A91C6E9C1D004111D2 /* OrganizationsBarButtonView.swift */ = {isa = PBXFileReference; fileEncoding = 4; lastKnownFileType = sourcecode.swift; path = OrganizationsBarButtonView.swift; sourceTree = "<group>"; };
		3A97C9AB1C6EA54D004111D2 /* OrganizationsViewController.swift */ = {isa = PBXFileReference; fileEncoding = 4; lastKnownFileType = sourcecode.swift; path = OrganizationsViewController.swift; sourceTree = "<group>"; };
		3A97C9AD1C6EA6CD004111D2 /* OrganizationCell.swift */ = {isa = PBXFileReference; fileEncoding = 4; lastKnownFileType = sourcecode.swift; path = OrganizationCell.swift; sourceTree = "<group>"; };
		3A97C9AF1C6EA72C004111D2 /* OrganizationCell.xib */ = {isa = PBXFileReference; fileEncoding = 4; lastKnownFileType = file.xib; path = OrganizationCell.xib; sourceTree = "<group>"; };
		D07E2C5CD1A74879CD3C2EDE /* Pods_TC_Swift_Demo.framework */ = {isa = PBXFileReference; explicitFileType = wrapper.framework; includeInIndex = 0; path = Pods_TC_Swift_Demo.framework; sourceTree = BUILT_PRODUCTS_DIR; };
		FB898A8EF0C732CA01B1AC02 /* Pods-TC Swift Demo.release.xcconfig */ = {isa = PBXFileReference; includeInIndex = 1; lastKnownFileType = text.xcconfig; name = "Pods-TC Swift Demo.release.xcconfig"; path = "Pods/Target Support Files/Pods-TC Swift Demo/Pods-TC Swift Demo.release.xcconfig"; sourceTree = "<group>"; };
/* End PBXFileReference section */

/* Begin PBXFrameworksBuildPhase section */
		3A01C2671C62C64A00D54361 /* Frameworks */ = {
			isa = PBXFrameworksBuildPhase;
			buildActionMask = 2147483647;
			files = (
				8F3D952EB134D1686272116D /* Pods_TC_Swift_Demo.framework in Frameworks */,
			);
			runOnlyForDeploymentPostprocessing = 0;
		};
		3A01C27B1C62C64A00D54361 /* Frameworks */ = {
			isa = PBXFrameworksBuildPhase;
			buildActionMask = 2147483647;
			files = (
			);
			runOnlyForDeploymentPostprocessing = 0;
		};
		3A01C2861C62C64A00D54361 /* Frameworks */ = {
			isa = PBXFrameworksBuildPhase;
			buildActionMask = 2147483647;
			files = (
			);
			runOnlyForDeploymentPostprocessing = 0;
		};
/* End PBXFrameworksBuildPhase section */

/* Begin PBXGroup section */
		3A01C2611C62C64A00D54361 = {
			isa = PBXGroup;
			children = (
				3A01C26C1C62C64A00D54361 /* TC Swift Demo */,
				3A01C26B1C62C64A00D54361 /* Products */,
				4659447E5D8E89445A2E928D /* Pods */,
				485D7E47F40996D7F3E3EDE4 /* Frameworks */,
			);
			sourceTree = "<group>";
		};
		3A01C26B1C62C64A00D54361 /* Products */ = {
			isa = PBXGroup;
			children = (
				3A01C26A1C62C64A00D54361 /* TC Swift Demo.app */,
				3A01C27E1C62C64A00D54361 /* TC Swift DemoTests.xctest */,
				3A01C2891C62C64A00D54361 /* TC Swift DemoUITests.xctest */,
			);
			name = Products;
			sourceTree = "<group>";
		};
		3A01C26C1C62C64A00D54361 /* TC Swift Demo */ = {
			isa = PBXGroup;
			children = (
				3A01C29D1C62C9FA00D54361 /* Cells */,
				3A01C29E1C62C9FA00D54361 /* Utilities */,
				3A01C29F1C62C9FA00D54361 /* ViewControllers */,
				3A01C2A01C62C9FA00D54361 /* Views */,
				3A01C26D1C62C64A00D54361 /* AppDelegate.swift */,
				3A01C2711C62C64A00D54361 /* Main.storyboard */,
				3A01C2741C62C64A00D54361 /* Assets.xcassets */,
				3A01C2761C62C64A00D54361 /* LaunchScreen.storyboard */,
				3A01C2791C62C64A00D54361 /* Info.plist */,
				3A01C29C1C62C96800D54361 /* TTKit-Bridging-Header.h */,
			);
			path = "TC Swift Demo";
			sourceTree = "<group>";
		};
		3A01C29D1C62C9FA00D54361 /* Cells */ = {
			isa = PBXGroup;
			children = (
				3A27137A1C6D069A00FA7207 /* ConversationCell.swift */,
				3A27137E1C6D268D00FA7207 /* ConversationCell.xib */,
				3A97C9AD1C6EA6CD004111D2 /* OrganizationCell.swift */,
				3A97C9AF1C6EA72C004111D2 /* OrganizationCell.xib */,
			);
			path = Cells;
			sourceTree = "<group>";
		};
		3A01C29E1C62C9FA00D54361 /* Utilities */ = {
			isa = PBXGroup;
			children = (
				3A01C2A31C62CDAC00D54361 /* Constants.swift */,
				3A86F7DB1C692E8E00749A1F /* UIHelpers.swift */,
				3A97C99F1C6E76C5004111D2 /* UIColorExtensions.swift */,
				3A97C9A11C6E7A37004111D2 /* UIViewExtensions.swift */,
			);
			path = Utilities;
			sourceTree = "<group>";
		};
		3A01C29F1C62C9FA00D54361 /* ViewControllers */ = {
			isa = PBXGroup;
			children = (
				3A01C2A11C62CA2200D54361 /* LoginViewController.swift */,
				3A2713781C6D045500FA7207 /* InboxViewController.swift */,
				3A27137C1C6D0A9C00FA7207 /* ConversationViewController.swift */,
				3A97C9AB1C6EA54D004111D2 /* OrganizationsViewController.swift */,
			);
			path = ViewControllers;
			sourceTree = "<group>";
		};
		3A01C2A01C62C9FA00D54361 /* Views */ = {
			isa = PBXGroup;
			children = (
				3A97C99D1C6E7569004111D2 /* BadgeView.swift */,
				3A97C9A51C6E9570004111D2 /* ConversationBackView.swift */,
				3A97C9A91C6E9C1D004111D2 /* OrganizationsBarButtonView.swift */,
			);
			path = Views;
			sourceTree = "<group>";
		};
		4659447E5D8E89445A2E928D /* Pods */ = {
			isa = PBXGroup;
			children = (
				188CC2F67E6C8A56E52CA55E /* Pods-TC Swift Demo.debug.xcconfig */,
				FB898A8EF0C732CA01B1AC02 /* Pods-TC Swift Demo.release.xcconfig */,
			);
			name = Pods;
			sourceTree = "<group>";
		};
		485D7E47F40996D7F3E3EDE4 /* Frameworks */ = {
			isa = PBXGroup;
			children = (
				D07E2C5CD1A74879CD3C2EDE /* Pods_TC_Swift_Demo.framework */,
			);
			name = Frameworks;
			sourceTree = "<group>";
		};
/* End PBXGroup section */

/* Begin PBXNativeTarget section */
		3A01C2691C62C64A00D54361 /* TC Swift Demo */ = {
			isa = PBXNativeTarget;
			buildConfigurationList = 3A01C2921C62C64A00D54361 /* Build configuration list for PBXNativeTarget "TC Swift Demo" */;
			buildPhases = (
				65653A04EE305F786EDD085C /* [CP] Check Pods Manifest.lock */,
				3A01C2661C62C64A00D54361 /* Sources */,
				3A01C2671C62C64A00D54361 /* Frameworks */,
				3A01C2681C62C64A00D54361 /* Resources */,
				0F35AB777230040369CC0D4A /* [CP] Embed Pods Frameworks */,
				6C59B645ACD86E4D472EA78F /* [CP] Copy Pods Resources */,
			);
			buildRules = (
			);
			dependencies = (
			);
			name = "TC Swift Demo";
			productName = "TC Swift Demo";
			productReference = 3A01C26A1C62C64A00D54361 /* TC Swift Demo.app */;
			productType = "com.apple.product-type.application";
		};
		3A01C27D1C62C64A00D54361 /* TC Swift DemoTests */ = {
			isa = PBXNativeTarget;
			buildConfigurationList = 3A01C2951C62C64A00D54361 /* Build configuration list for PBXNativeTarget "TC Swift DemoTests" */;
			buildPhases = (
				3A01C27A1C62C64A00D54361 /* Sources */,
				3A01C27B1C62C64A00D54361 /* Frameworks */,
				3A01C27C1C62C64A00D54361 /* Resources */,
			);
			buildRules = (
			);
			dependencies = (
				3A01C2801C62C64A00D54361 /* PBXTargetDependency */,
			);
			name = "TC Swift DemoTests";
			productName = "TC Swift DemoTests";
			productReference = 3A01C27E1C62C64A00D54361 /* TC Swift DemoTests.xctest */;
			productType = "com.apple.product-type.bundle.unit-test";
		};
		3A01C2881C62C64A00D54361 /* TC Swift DemoUITests */ = {
			isa = PBXNativeTarget;
			buildConfigurationList = 3A01C2981C62C64A00D54361 /* Build configuration list for PBXNativeTarget "TC Swift DemoUITests" */;
			buildPhases = (
				3A01C2851C62C64A00D54361 /* Sources */,
				3A01C2861C62C64A00D54361 /* Frameworks */,
				3A01C2871C62C64A00D54361 /* Resources */,
			);
			buildRules = (
			);
			dependencies = (
				3A01C28B1C62C64A00D54361 /* PBXTargetDependency */,
			);
			name = "TC Swift DemoUITests";
			productName = "TC Swift DemoUITests";
			productReference = 3A01C2891C62C64A00D54361 /* TC Swift DemoUITests.xctest */;
			productType = "com.apple.product-type.bundle.ui-testing";
		};
/* End PBXNativeTarget section */

/* Begin PBXProject section */
		3A01C2621C62C64A00D54361 /* Project object */ = {
			isa = PBXProject;
			attributes = {
				LastSwiftUpdateCheck = 0720;
				LastUpgradeCheck = 0720;
				ORGANIZATIONNAME = TigerConnect;
				TargetAttributes = {
					3A01C2691C62C64A00D54361 = {
						CreatedOnToolsVersion = 7.2;
						LastSwiftMigration = 0820;
					};
					3A01C27D1C62C64A00D54361 = {
						CreatedOnToolsVersion = 7.2;
						TestTargetID = 3A01C2691C62C64A00D54361;
					};
					3A01C2881C62C64A00D54361 = {
						CreatedOnToolsVersion = 7.2;
						TestTargetID = 3A01C2691C62C64A00D54361;
					};
				};
			};
			buildConfigurationList = 3A01C2651C62C64A00D54361 /* Build configuration list for PBXProject "TC Swift Demo" */;
			compatibilityVersion = "Xcode 3.2";
			developmentRegion = English;
			hasScannedForEncodings = 0;
			knownRegions = (
				en,
				Base,
			);
			mainGroup = 3A01C2611C62C64A00D54361;
			productRefGroup = 3A01C26B1C62C64A00D54361 /* Products */;
			projectDirPath = "";
			projectRoot = "";
			targets = (
				3A01C2691C62C64A00D54361 /* TC Swift Demo */,
				3A01C27D1C62C64A00D54361 /* TC Swift DemoTests */,
				3A01C2881C62C64A00D54361 /* TC Swift DemoUITests */,
			);
		};
/* End PBXProject section */

/* Begin PBXResourcesBuildPhase section */
		3A01C2681C62C64A00D54361 /* Resources */ = {
			isa = PBXResourcesBuildPhase;
			buildActionMask = 2147483647;
			files = (
				3A27137F1C6D268D00FA7207 /* ConversationCell.xib in Resources */,
				3A97C9B01C6EA72C004111D2 /* OrganizationCell.xib in Resources */,
				3A01C2781C62C64A00D54361 /* LaunchScreen.storyboard in Resources */,
				3A01C2751C62C64A00D54361 /* Assets.xcassets in Resources */,
				3A01C2731C62C64A00D54361 /* Main.storyboard in Resources */,
			);
			runOnlyForDeploymentPostprocessing = 0;
		};
		3A01C27C1C62C64A00D54361 /* Resources */ = {
			isa = PBXResourcesBuildPhase;
			buildActionMask = 2147483647;
			files = (
			);
			runOnlyForDeploymentPostprocessing = 0;
		};
		3A01C2871C62C64A00D54361 /* Resources */ = {
			isa = PBXResourcesBuildPhase;
			buildActionMask = 2147483647;
			files = (
			);
			runOnlyForDeploymentPostprocessing = 0;
		};
/* End PBXResourcesBuildPhase section */

/* Begin PBXShellScriptBuildPhase section */
		0F35AB777230040369CC0D4A /* [CP] Embed Pods Frameworks */ = {
			isa = PBXShellScriptBuildPhase;
			buildActionMask = 2147483647;
			files = (
			);
			inputPaths = (
			);
			name = "[CP] Embed Pods Frameworks";
			outputPaths = (
			);
			runOnlyForDeploymentPostprocessing = 0;
			shellPath = /bin/sh;
			shellScript = "\"${SRCROOT}/Pods/Target Support Files/Pods-TC Swift Demo/Pods-TC Swift Demo-frameworks.sh\"\n";
			showEnvVarsInLog = 0;
		};
		65653A04EE305F786EDD085C /* [CP] Check Pods Manifest.lock */ = {
			isa = PBXShellScriptBuildPhase;
			buildActionMask = 2147483647;
			files = (
			);
			inputPaths = (
			);
			name = "[CP] Check Pods Manifest.lock";
			outputPaths = (
			);
			runOnlyForDeploymentPostprocessing = 0;
			shellPath = /bin/sh;
			shellScript = "diff \"${PODS_ROOT}/../Podfile.lock\" \"${PODS_ROOT}/Manifest.lock\" > /dev/null\nif [ $? != 0 ] ; then\n    # print error to STDERR\n    echo \"error: The sandbox is not in sync with the Podfile.lock. Run 'pod install' or update your CocoaPods installation.\" >&2\n    exit 1\nfi\n";
			showEnvVarsInLog = 0;
		};
		6C59B645ACD86E4D472EA78F /* [CP] Copy Pods Resources */ = {
			isa = PBXShellScriptBuildPhase;
			buildActionMask = 2147483647;
			files = (
			);
			inputPaths = (
			);
			name = "[CP] Copy Pods Resources";
			outputPaths = (
			);
			runOnlyForDeploymentPostprocessing = 0;
			shellPath = /bin/sh;
			shellScript = "\"${SRCROOT}/Pods/Target Support Files/Pods-TC Swift Demo/Pods-TC Swift Demo-resources.sh\"\n";
			showEnvVarsInLog = 0;
		};
/* End PBXShellScriptBuildPhase section */

/* Begin PBXSourcesBuildPhase section */
		3A01C2661C62C64A00D54361 /* Sources */ = {
			isa = PBXSourcesBuildPhase;
			buildActionMask = 2147483647;
			files = (
				3A97C99E1C6E7569004111D2 /* BadgeView.swift in Sources */,
				3A97C9A61C6E9570004111D2 /* ConversationBackView.swift in Sources */,
				3A97C9A21C6E7A37004111D2 /* UIViewExtensions.swift in Sources */,
				3A97C9AC1C6EA54D004111D2 /* OrganizationsViewController.swift in Sources */,
				3A97C9A01C6E76C5004111D2 /* UIColorExtensions.swift in Sources */,
				3A27137D1C6D0A9C00FA7207 /* ConversationViewController.swift in Sources */,
				3A97C9AE1C6EA6CD004111D2 /* OrganizationCell.swift in Sources */,
				3A2713791C6D045500FA7207 /* InboxViewController.swift in Sources */,
				3A01C2A21C62CA2200D54361 /* LoginViewController.swift in Sources */,
				3A27137B1C6D069A00FA7207 /* ConversationCell.swift in Sources */,
				3A01C26E1C62C64A00D54361 /* AppDelegate.swift in Sources */,
				3A01C2A41C62CDAC00D54361 /* Constants.swift in Sources */,
				3A97C9AA1C6E9C1D004111D2 /* OrganizationsBarButtonView.swift in Sources */,
				3A86F7DC1C692E8E00749A1F /* UIHelpers.swift in Sources */,
			);
			runOnlyForDeploymentPostprocessing = 0;
		};
		3A01C27A1C62C64A00D54361 /* Sources */ = {
			isa = PBXSourcesBuildPhase;
			buildActionMask = 2147483647;
			files = (
			);
			runOnlyForDeploymentPostprocessing = 0;
		};
		3A01C2851C62C64A00D54361 /* Sources */ = {
			isa = PBXSourcesBuildPhase;
			buildActionMask = 2147483647;
			files = (
			);
			runOnlyForDeploymentPostprocessing = 0;
		};
/* End PBXSourcesBuildPhase section */

/* Begin PBXTargetDependency section */
		3A01C2801C62C64A00D54361 /* PBXTargetDependency */ = {
			isa = PBXTargetDependency;
			target = 3A01C2691C62C64A00D54361 /* TC Swift Demo */;
			targetProxy = 3A01C27F1C62C64A00D54361 /* PBXContainerItemProxy */;
		};
		3A01C28B1C62C64A00D54361 /* PBXTargetDependency */ = {
			isa = PBXTargetDependency;
			target = 3A01C2691C62C64A00D54361 /* TC Swift Demo */;
			targetProxy = 3A01C28A1C62C64A00D54361 /* PBXContainerItemProxy */;
		};
/* End PBXTargetDependency section */

/* Begin PBXVariantGroup section */
		3A01C2711C62C64A00D54361 /* Main.storyboard */ = {
			isa = PBXVariantGroup;
			children = (
				3A01C2721C62C64A00D54361 /* Base */,
			);
			name = Main.storyboard;
			sourceTree = "<group>";
		};
		3A01C2761C62C64A00D54361 /* LaunchScreen.storyboard */ = {
			isa = PBXVariantGroup;
			children = (
				3A01C2771C62C64A00D54361 /* Base */,
			);
			name = LaunchScreen.storyboard;
			sourceTree = "<group>";
		};
/* End PBXVariantGroup section */

/* Begin XCBuildConfiguration section */
		3A01C2901C62C64A00D54361 /* Debug */ = {
			isa = XCBuildConfiguration;
			buildSettings = {
				ALWAYS_SEARCH_USER_PATHS = NO;
				CLANG_CXX_LANGUAGE_STANDARD = "gnu++0x";
				CLANG_CXX_LIBRARY = "libc++";
				CLANG_ENABLE_MODULES = YES;
				CLANG_ENABLE_OBJC_ARC = YES;
				CLANG_WARN_BOOL_CONVERSION = YES;
				CLANG_WARN_CONSTANT_CONVERSION = YES;
				CLANG_WARN_DIRECT_OBJC_ISA_USAGE = YES_ERROR;
				CLANG_WARN_EMPTY_BODY = YES;
				CLANG_WARN_ENUM_CONVERSION = YES;
				CLANG_WARN_INT_CONVERSION = YES;
				CLANG_WARN_OBJC_ROOT_CLASS = YES_ERROR;
				CLANG_WARN_UNREACHABLE_CODE = YES;
				CLANG_WARN__DUPLICATE_METHOD_MATCH = YES;
				"CODE_SIGN_IDENTITY[sdk=iphoneos*]" = "iPhone Developer";
				COPY_PHASE_STRIP = NO;
				DEBUG_INFORMATION_FORMAT = dwarf;
				ENABLE_STRICT_OBJC_MSGSEND = YES;
				ENABLE_TESTABILITY = YES;
				GCC_C_LANGUAGE_STANDARD = gnu99;
				GCC_DYNAMIC_NO_PIC = NO;
				GCC_NO_COMMON_BLOCKS = YES;
				GCC_OPTIMIZATION_LEVEL = 0;
				GCC_PREPROCESSOR_DEFINITIONS = (
					"DEBUG=1",
					"$(inherited)",
				);
				GCC_WARN_64_TO_32_BIT_CONVERSION = YES;
				GCC_WARN_ABOUT_RETURN_TYPE = YES_ERROR;
				GCC_WARN_UNDECLARED_SELECTOR = YES;
				GCC_WARN_UNINITIALIZED_AUTOS = YES_AGGRESSIVE;
				GCC_WARN_UNUSED_FUNCTION = YES;
				GCC_WARN_UNUSED_VARIABLE = YES;
				IPHONEOS_DEPLOYMENT_TARGET = 9.2;
				MTL_ENABLE_DEBUG_INFO = YES;
				ONLY_ACTIVE_ARCH = YES;
				SDKROOT = iphoneos;
				SWIFT_OPTIMIZATION_LEVEL = "-Onone";
				TARGETED_DEVICE_FAMILY = "1,2";
			};
			name = Debug;
		};
		3A01C2911C62C64A00D54361 /* Release */ = {
			isa = XCBuildConfiguration;
			buildSettings = {
				ALWAYS_SEARCH_USER_PATHS = NO;
				CLANG_CXX_LANGUAGE_STANDARD = "gnu++0x";
				CLANG_CXX_LIBRARY = "libc++";
				CLANG_ENABLE_MODULES = YES;
				CLANG_ENABLE_OBJC_ARC = YES;
				CLANG_WARN_BOOL_CONVERSION = YES;
				CLANG_WARN_CONSTANT_CONVERSION = YES;
				CLANG_WARN_DIRECT_OBJC_ISA_USAGE = YES_ERROR;
				CLANG_WARN_EMPTY_BODY = YES;
				CLANG_WARN_ENUM_CONVERSION = YES;
				CLANG_WARN_INT_CONVERSION = YES;
				CLANG_WARN_OBJC_ROOT_CLASS = YES_ERROR;
				CLANG_WARN_UNREACHABLE_CODE = YES;
				CLANG_WARN__DUPLICATE_METHOD_MATCH = YES;
				"CODE_SIGN_IDENTITY[sdk=iphoneos*]" = "iPhone Developer";
				COPY_PHASE_STRIP = NO;
				DEBUG_INFORMATION_FORMAT = "dwarf-with-dsym";
				ENABLE_NS_ASSERTIONS = NO;
				ENABLE_STRICT_OBJC_MSGSEND = YES;
				GCC_C_LANGUAGE_STANDARD = gnu99;
				GCC_NO_COMMON_BLOCKS = YES;
				GCC_WARN_64_TO_32_BIT_CONVERSION = YES;
				GCC_WARN_ABOUT_RETURN_TYPE = YES_ERROR;
				GCC_WARN_UNDECLARED_SELECTOR = YES;
				GCC_WARN_UNINITIALIZED_AUTOS = YES_AGGRESSIVE;
				GCC_WARN_UNUSED_FUNCTION = YES;
				GCC_WARN_UNUSED_VARIABLE = YES;
				IPHONEOS_DEPLOYMENT_TARGET = 9.2;
				MTL_ENABLE_DEBUG_INFO = NO;
				SDKROOT = iphoneos;
				TARGETED_DEVICE_FAMILY = "1,2";
				VALIDATE_PRODUCT = YES;
			};
			name = Release;
		};
		3A01C2931C62C64A00D54361 /* Debug */ = {
			isa = XCBuildConfiguration;
			baseConfigurationReference = 188CC2F67E6C8A56E52CA55E /* Pods-TC Swift Demo.debug.xcconfig */;
			buildSettings = {
				ASSETCATALOG_COMPILER_APPICON_NAME = AppIcon;
				INFOPLIST_FILE = "TC Swift Demo/Info.plist";
				LD_RUNPATH_SEARCH_PATHS = "$(inherited) @executable_path/Frameworks";
				PRODUCT_BUNDLE_IDENTIFIER = "tigerconnect.tigerconnect.swift.demo.TC-Swift-Demo";
				PRODUCT_NAME = "$(TARGET_NAME)";
				SWIFT_OBJC_BRIDGING_HEADER = "TTKit-Bridging-Header.h";
				SWIFT_VERSION = 3.0;
			};
			name = Debug;
		};
		3A01C2941C62C64A00D54361 /* Release */ = {
			isa = XCBuildConfiguration;
			baseConfigurationReference = FB898A8EF0C732CA01B1AC02 /* Pods-TC Swift Demo.release.xcconfig */;
			buildSettings = {
				ASSETCATALOG_COMPILER_APPICON_NAME = AppIcon;
				INFOPLIST_FILE = "TC Swift Demo/Info.plist";
				LD_RUNPATH_SEARCH_PATHS = "$(inherited) @executable_path/Frameworks";
				PRODUCT_BUNDLE_IDENTIFIER = "tigerconnect.tigerconnect.swift.demo.TC-Swift-Demo";
				PRODUCT_NAME = "$(TARGET_NAME)";
				SWIFT_OBJC_BRIDGING_HEADER = "TTKit-Bridging-Header.h";
				SWIFT_VERSION = 3.0;
			};
			name = Release;
		};
		3A01C2961C62C64A00D54361 /* Debug */ = {
			isa = XCBuildConfiguration;
			buildSettings = {
				BUNDLE_LOADER = "$(TEST_HOST)";
				INFOPLIST_FILE = "TC Swift DemoTests/Info.plist";
				LD_RUNPATH_SEARCH_PATHS = "$(inherited) @executable_path/Frameworks @loader_path/Frameworks";
				PRODUCT_BUNDLE_IDENTIFIER = "tigerconnect.tigerconnect.swift.demo.TC-Swift-DemoTests";
				PRODUCT_NAME = "$(TARGET_NAME)";
				TEST_HOST = "$(BUILT_PRODUCTS_DIR)/TC Swift Demo.app/TC Swift Demo";
			};
			name = Debug;
		};
		3A01C2971C62C64A00D54361 /* Release */ = {
			isa = XCBuildConfiguration;
			buildSettings = {
				BUNDLE_LOADER = "$(TEST_HOST)";
				INFOPLIST_FILE = "TC Swift DemoTests/Info.plist";
				LD_RUNPATH_SEARCH_PATHS = "$(inherited) @executable_path/Frameworks @loader_path/Frameworks";
				PRODUCT_BUNDLE_IDENTIFIER = "tigerconnect.tigerconnect.swift.demo.TC-Swift-DemoTests";
				PRODUCT_NAME = "$(TARGET_NAME)";
				TEST_HOST = "$(BUILT_PRODUCTS_DIR)/TC Swift Demo.app/TC Swift Demo";
			};
			name = Release;
		};
		3A01C2991C62C64A00D54361 /* Debug */ = {
			isa = XCBuildConfiguration;
			buildSettings = {
				INFOPLIST_FILE = "TC Swift DemoUITests/Info.plist";
				LD_RUNPATH_SEARCH_PATHS = "$(inherited) @executable_path/Frameworks @loader_path/Frameworks";
				PRODUCT_BUNDLE_IDENTIFIER = "tigerconnect.tigerconnect.swift.demo.TC-Swift-DemoUITests";
				PRODUCT_NAME = "$(TARGET_NAME)";
				TEST_TARGET_NAME = "TC Swift Demo";
				USES_XCTRUNNER = YES;
			};
			name = Debug;
		};
		3A01C29A1C62C64A00D54361 /* Release */ = {
			isa = XCBuildConfiguration;
			buildSettings = {
				INFOPLIST_FILE = "TC Swift DemoUITests/Info.plist";
				LD_RUNPATH_SEARCH_PATHS = "$(inherited) @executable_path/Frameworks @loader_path/Frameworks";
				PRODUCT_BUNDLE_IDENTIFIER = "tigerconnect.tigerconnect.swift.demo.TC-Swift-DemoUITests";
				PRODUCT_NAME = "$(TARGET_NAME)";
				TEST_TARGET_NAME = "TC Swift Demo";
				USES_XCTRUNNER = YES;
			};
			name = Release;
		};
/* End XCBuildConfiguration section */

/* Begin XCConfigurationList section */
		3A01C2651C62C64A00D54361 /* Build configuration list for PBXProject "TC Swift Demo" */ = {
			isa = XCConfigurationList;
			buildConfigurations = (
				3A01C2901C62C64A00D54361 /* Debug */,
				3A01C2911C62C64A00D54361 /* Release */,
			);
			defaultConfigurationIsVisible = 0;
			defaultConfigurationName = Release;
		};
		3A01C2921C62C64A00D54361 /* Build configuration list for PBXNativeTarget "TC Swift Demo" */ = {
			isa = XCConfigurationList;
			buildConfigurations = (
				3A01C2931C62C64A00D54361 /* Debug */,
				3A01C2941C62C64A00D54361 /* Release */,
			);
			defaultConfigurationIsVisible = 0;
			defaultConfigurationName = Release;
		};
		3A01C2951C62C64A00D54361 /* Build configuration list for PBXNativeTarget "TC Swift DemoTests" */ = {
			isa = XCConfigurationList;
			buildConfigurations = (
				3A01C2961C62C64A00D54361 /* Debug */,
				3A01C2971C62C64A00D54361 /* Release */,
			);
			defaultConfigurationIsVisible = 0;
			defaultConfigurationName = Release;
		};
		3A01C2981C62C64A00D54361 /* Build configuration list for PBXNativeTarget "TC Swift DemoUITests" */ = {
			isa = XCConfigurationList;
			buildConfigurations = (
				3A01C2991C62C64A00D54361 /* Debug */,
				3A01C29A1C62C64A00D54361 /* Release */,
			);
			defaultConfigurationIsVisible = 0;
			defaultConfigurationName = Release;
		};
/* End XCConfigurationList section */
	};
	rootObject = 3A01C2621C62C64A00D54361 /* Project object */;
}
